
Microsoft Visual Studio Solution File, Format Version 12.00
# Visual Studio 2012
Project("{FAE04EC0-301F-11D3-BF4B-00C04F79EFBC}") = "Naxam.AndroidJob.Droid", "Naxam.AndroidJob.Droid\Naxam.AndroidJob.Droid.csproj", "{580B718F-F433-4BB7-A7EC-7DAC95C02766}"
EndProject
Project("{2150E333-8FDC-42A3-9474-1A3956D46DE8}") = "demo", "demo", "{2B4C1EB1-3610-4A04-9460-B02D8AB02B62}"
EndProject
Project("{FAE04EC0-301F-11D3-BF4B-00C04F79EFBC}") = "AndroidJobQs", "demo\AndroidJobQs\AndroidJobQs.csproj", "{0A828A17-DBAC-45F1-AE7D-965459298928}"
EndProject
Global
	GlobalSection(SolutionConfigurationPlatforms) = preSolution
		Debug|Any CPU = Debug|Any CPU
		Release|Any CPU = Release|Any CPU
	EndGlobalSection
	GlobalSection(ProjectConfigurationPlatforms) = postSolution
		{580B718F-F433-4BB7-A7EC-7DAC95C02766}.Debug|Any CPU.ActiveCfg = Debug|Any CPU
		{580B718F-F433-4BB7-A7EC-7DAC95C02766}.Debug|Any CPU.Build.0 = Debug|Any CPU
		{580B718F-F433-4BB7-A7EC-7DAC95C02766}.Release|Any CPU.ActiveCfg = Release|Any CPU
		{580B718F-F433-4BB7-A7EC-7DAC95C02766}.Release|Any CPU.Build.0 = Release|Any CPU
		{0A828A17-DBAC-45F1-AE7D-965459298928}.Debug|Any CPU.ActiveCfg = Debug|Any CPU
		{0A828A17-DBAC-45F1-AE7D-965459298928}.Debug|Any CPU.Build.0 = Debug|Any CPU
		{0A828A17-DBAC-45F1-AE7D-965459298928}.Release|Any CPU.ActiveCfg = Release|Any CPU
		{0A828A17-DBAC-45F1-AE7D-965459298928}.Release|Any CPU.Build.0 = Release|Any CPU
	EndGlobalSection
	GlobalSection(NestedProjects) = preSolution
		{0A828A17-DBAC-45F1-AE7D-965459298928} = {2B4C1EB1-3610-4A04-9460-B02D8AB02B62}
	EndGlobalSection
EndGlobal
